{
  "requires": true,
  "lockfileVersion": 1,
  "dependencies": {
    "@firebase/app": {
      "version": "0.3.3",
      "resolved": "https://registry.npmjs.org/@firebase/app/-/app-0.3.3.tgz",
      "integrity": "sha512-V5fMC2Ysx1TlHD6x7vj7EOtoyJSU/ts+fp9qxt0E3TA+DbWgKFrkcL+o2jZhi30h0sXKV7oW0vh67YZdZylqOg==",
      "requires": {
        "@firebase/app-types": "0.3.2",
        "@firebase/util": "0.2.1",
        "dom-storage": "2.1.0",
        "tslib": "1.9.0",
        "xmlhttprequest": "1.8.0"
      }
    },
    "@firebase/app-types": {
      "version": "0.3.2",
      "resolved": "https://registry.npmjs.org/@firebase/app-types/-/app-types-0.3.2.tgz",
      "integrity": "sha512-ZD8lTgW07NGgo75bTyBJA8Lt9+NweNzot7lrsBtIvfciwUzaFJLsv2EShqjBeuhF7RpG6YFucJ6m67w5buCtzw=="
    },
    "@firebase/auth": {
      "version": "0.7.0",
      "resolved": "https://registry.npmjs.org/@firebase/auth/-/auth-0.7.0.tgz",
      "integrity": "sha512-OUjjtq91VFALUjVYp9meHMNtG40mibzkPKIWKAVkc3zucXORShxsDBGRlXjrVSENrQDr7FLrOF2kWCZXwvjiFQ==",
      "requires": {
        "@firebase/auth-types": "0.3.4"
      }
    },
    "@firebase/auth-types": {
      "version": "0.3.4",
      "resolved": "https://registry.npmjs.org/@firebase/auth-types/-/auth-types-0.3.4.tgz",
      "integrity": "sha512-0r3gSQk9jw5orFHCTUIgao0zan6dHt2J0BO3t/uEzbod+uwqvUn/gh+yg+kK6HX92Fg8E7y030KX4Bw/aXt0Ew=="
    },
    "@firebase/database": {
      "version": "0.3.4",
      "resolved": "https://registry.npmjs.org/@firebase/database/-/database-0.3.4.tgz",
      "integrity": "sha512-xsQPk4MJq8KuuEq0QXYVWsQc+ksMeoYpmiYWM9UWIoT20PqmZ2WHmxLkVW7xFnM55wsawJ2FtW/Nan9uMhS1nw==",
      "requires": {
        "@firebase/database-types": "0.3.2",
        "@firebase/logger": "0.1.1",
        "@firebase/util": "0.2.1",
        "faye-websocket": "0.11.1",
        "tslib": "1.9.0"
      }
    },
    "@firebase/database-types": {
      "version": "0.3.2",
      "resolved": "https://registry.npmjs.org/@firebase/database-types/-/database-types-0.3.2.tgz",
      "integrity": "sha512-9ZYdvYQ6r3aaHJarhUM5Hf6lQWu3ZJme+RR0o8qfBb9L04TL3uNjt+AJFku1ysVPntTn+9GqJjiIB2/OC3JtwA=="
    },
    "@firebase/logger": {
      "version": "0.1.1",
      "resolved": "https://registry.npmjs.org/@firebase/logger/-/logger-0.1.1.tgz",
      "integrity": "sha512-5jn3HHbEfdOwychyIEIkP1cik+MW/vvoOavTOzwDkH+fv6Bx+HBUOzh09M7sCYzXFtKzjbUax9+g39mJNBLklQ=="
    },
    "@firebase/util": {
      "version": "0.2.1",
      "resolved": "https://registry.npmjs.org/@firebase/util/-/util-0.2.1.tgz",
      "integrity": "sha512-KPNcIK5+bUUBMII87NqGu+tRUnMcY95xujS2z0QyAfoQCKe11DMHICv3M6uweiLSXqdQwrMTyFtiql1q+0UOYQ==",
      "requires": {
        "tslib": "1.9.0"
      }
    },
    "@std/esm": {
      "version": "0.26.0",
      "resolved": "https://registry.npmjs.org/@std/esm/-/esm-0.26.0.tgz",
      "integrity": "sha512-g3RDuosSa5fZOzENtrZdx7Gevb3zabfn8qglug2aCJIVz/4woFpKoqm1yD3mG2RD0zJEZRnkkuPHsmNglKGl7g=="
    },
    "dom-storage": {
      "version": "2.1.0",
      "resolved": "https://registry.npmjs.org/dom-storage/-/dom-storage-2.1.0.tgz",
      "integrity": "sha512-g6RpyWXzl0RR6OTElHKBl7nwnK87GUyZMYC7JWsB/IA73vpqK2K6LT39x4VepLxlSsWBFrPVLnsSR5Jyty0+2Q=="
    },
    "faye-websocket": {
      "version": "0.11.1",
      "resolved": "https://registry.npmjs.org/faye-websocket/-/faye-websocket-0.11.1.tgz",
      "integrity": "sha1-8O/hjE9W5PQK/H4Gxxn9XuYYjzg=",
      "requires": {
        "websocket-driver": ">=0.5.1"
      }
    },
    "http-parser-js": {
      "version": "0.4.13",
      "resolved": "https://registry.npmjs.org/http-parser-js/-/http-parser-js-0.4.13.tgz",
      "integrity": "sha1-O9bW/ebjFyyTNMOzO2wZPYD+ETc="
    },
    "tslib": {
      "version": "1.9.0",
      "resolved": "https://registry.npmjs.org/tslib/-/tslib-1.9.0.tgz",
      "integrity": "sha512-f/qGG2tUkrISBlQZEjEqoZ3B2+npJjIf04H1wuAv9iA8i04Icp+61KRXxFdha22670NJopsZCIjhC3SnjPRKrQ=="
    },
    "websocket-driver": {
      "version": "0.7.0",
      "resolved": "https://registry.npmjs.org/websocket-driver/-/websocket-driver-0.7.0.tgz",
      "integrity": "sha1-DK+dLXVdk67gSdS90NP+LMoqJOs=",
      "requires": {
        "http-parser-js": ">=0.4.0",
        "websocket-extensions": ">=0.1.1"
      }
    },
    "websocket-extensions": {
      "version": "0.1.3",
      "resolved": "https://registry.npmjs.org/websocket-extensions/-/websocket-extensions-0.1.3.tgz",
      "integrity": "sha512-nqHUnMXmBzT0w570r2JpJxfiSD1IzoI+HGVdd3aZ0yNi3ngvQ4jv1dtHt5VGxfI2yj5yqImPhOK4vmIh2xMbGg=="
    },
    "xmlhttprequest": {
      "version": "1.8.0",
      "resolved": "https://registry.npmjs.org/xmlhttprequest/-/xmlhttprequest-1.8.0.tgz",
      "integrity": "sha1-Z/4HXFwk/vOfnWX197f+dRcZaPw="
    }
  }
}
